
Microsoft Visual Studio Solution File, Format Version 12.00
# Visual Studio Version 17
VisualStudioVersion = 17.14.36221.1 d17.14
MinimumVisualStudioVersion = 10.0.40219.1
Project("{FAE04EC0-301F-11D3-BF4B-00C04F79EFBC}") = "C#_Questions", "C#_Questions.csproj", "{0FF08BAC-CD13-4748-8AF6-DD7399622C11}"
EndProject
Global
	GlobalSection(SolutionConfigurationPlatforms) = preSolution
		Debug|Any CPU = Debug|Any CPU
		Release|Any CPU = Release|Any CPU
	EndGlobalSection
	GlobalSection(ProjectConfigurationPlatforms) = postSolution
		{0FF08BAC-CD13-4748-8AF6-DD7399622C11}.Debug|Any CPU.ActiveCfg = Debug|Any CPU
		{0FF08BAC-CD13-4748-8AF6-DD7399622C11}.Debug|Any CPU.Build.0 = Debug|Any CPU
		{0FF08BAC-CD13-4748-8AF6-DD7399622C11}.Release|Any CPU.ActiveCfg = Release|Any CPU
		{0FF08BAC-CD13-4748-8AF6-DD7399622C11}.Release|Any CPU.Build.0 = Release|Any CPU
	EndGlobalSection
	GlobalSection(SolutionProperties) = preSolution
		HideSolutionNode = FALSE
	EndGlobalSection
	GlobalSection(ExtensibilityGlobals) = postSolution
		SolutionGuid = {C723C2FA-0DC3-44C3-AE7D-7B9D7575E5E7}
	EndGlobalSection
EndGlobal
